{
    "name": "com.phonegap.xartis",
    "version": "1.0.0",
    "lockfileVersion": 1,
    "requires": true,
    "dependencies": {
        "adm-zip": {
            "version": "0.4.7",
            "resolved": "https://registry.npmjs.org/adm-zip/-/adm-zip-0.4.7.tgz",
            "integrity": "sha1-hgbCy/HEJs6MjsABdER/1Jtur8E="
        },
        "cheerio": {
            "version": "0.22.0",
            "resolved": "https://registry.npmjs.org/cheerio/-/cheerio-0.22.0.tgz",
            "integrity": "sha1-qbqoYKP5tZWmuBsahocxIe06Jp4=",
            "dev": true
        },
        "chokidar": {
            "version": "1.7.0",
            "resolved": "https://registry.npmjs.org/chokidar/-/chokidar-1.7.0.tgz",
            "integrity": "sha1-eY5ol3gVHIB2tLNg5e3SjNortGg=",
            "dev": true
        },
        "clean-webpack-plugin": {
            "version": "0.1.16",
            "resolved": "https://registry.npmjs.org/clean-webpack-plugin/-/clean-webpack-plugin-0.1.16.tgz",
            "integrity": "sha1-QiqOFQvz1av9PRS/rLBw6A+y4j8=",
            "dev": true
        },
        "cordova": {
            "version": "7.0.1",
            "resolved": "https://registry.npmjs.org/cordova/-/cordova-7.0.1.tgz",
            "integrity": "sha1-af0FQwDOUQWwkvZ6GyhugMToi50=",
            "dependencies": {
                "nopt": {
                    "version": "3.0.1",
                    "resolved": "https://registry.npmjs.org/nopt/-/nopt-3.0.1.tgz",
                    "integrity": "sha1-vOXEJEajKR9HYio3CrvxWPu6y/0="
                },
                "q": {
                    "version": "1.0.1",
                    "resolved": "https://registry.npmjs.org/q/-/q-1.0.1.tgz",
                    "integrity": "sha1-EYcq7t7okmgRCxCnGESP+xARKhQ="
                }
            }
        },
        "cordova-plugin-whitelist": {
            "version": "1.3.2",
            "resolved": "https://registry.npmjs.org/cordova-plugin-whitelist/-/cordova-plugin-whitelist-1.3.2.tgz",
            "integrity": "sha1-W2M1/rn1MB88ATuQlsuIhb29UHY="
        },
        "css-loader": {
            "version": "0.27.3",
            "resolved": "https://registry.npmjs.org/css-loader/-/css-loader-0.27.3.tgz",
            "integrity": "sha1-aatvR7ab+xtazuYbrCqrFDAv8Nw=",
            "dev": true
        },
        "device.js": {
            "version": "git+https://github.com/matthewhudson/device.js.git#c655e7066d0255c8eb141fa994afe238fb69c379",
            "from": "git+https://github.com/matthewhudson/device.js.git#c655e7066d0255c8eb141fa994afe238fb69c379",
            "dev": true
        },
        "epipebomb": {
            "version": "1.0.0",
            "resolved": "https://registry.npmjs.org/epipebomb/-/epipebomb-1.0.0.tgz",
            "integrity": "sha1-V9He2h1ryBYisRinX+a1p9NPbYg=",
            "dev": true
        },
        "extract-text-webpack-plugin": {
            "version": "2.1.2",
            "resolved": "https://registry.npmjs.org/extract-text-webpack-plugin/-/extract-text-webpack-plugin-2.1.2.tgz",
            "integrity": "sha1-dW7076gVXDaBgz+8NNpTuUF0bWw=",
            "dev": true
        },
        "file-loader": {
            "version": "0.10.1",
            "resolved": "https://registry.npmjs.org/file-loader/-/file-loader-0.10.1.tgz",
            "integrity": "sha1-gVA0EZiR/GRB+1pkwRvJPCLd2EI=",
            "dev": true
        },
        "framework7": {
            "version": "1.6.4",
            "resolved": "https://registry.npmjs.org/framework7/-/framework7-1.6.4.tgz",
            "integrity": "sha1-m9TYq4/LEMu4gz6LKa8U6MoVrMs="
        },
        "framework7-vue": {
            "version": "0.8.5",
            "resolved": "https://registry.npmjs.org/framework7-vue/-/framework7-vue-0.8.5.tgz",
            "integrity": "sha1-2sHlAXpXkmoy9qkY6Ndu8aFW8xw="
        },
        "glob": {
            "version": "7.1.2",
            "resolved": "https://registry.npmjs.org/glob/-/glob-7.1.2.tgz",
            "integrity": "sha1-wZyd+aAocC1nhhI4SmVSQExjbRU="
        },
        "html-loader": {
            "version": "0.4.5",
            "resolved": "https://registry.npmjs.org/html-loader/-/html-loader-0.4.5.tgz",
            "integrity": "sha1-X7zYfNY6XEmn/OL+VvQl4Fcpxow=",
            "dev": true
        },
        "html-webpack-plugin": {
            "version": "2.29.0",
            "resolved": "https://registry.npmjs.org/html-webpack-plugin/-/html-webpack-plugin-2.29.0.tgz",
            "integrity": "sha1-6Yf0IYU9O2k4yMTIFxhC5f0XryM=",
            "dev": true,
            "dependencies": {
                "loader-utils": {
                    "version": "https://registry.npmjs.org/loader-utils/-/loader-utils-0.2.17.tgz",
                    "integrity": "sha1-+G5jdNQyBabmxg6RlvF8Apm/s0g="
                }
            }
        },
        "interpret": {
            "version": "1.0.3",
            "resolved": "https://registry.npmjs.org/interpret/-/interpret-1.0.3.tgz",
            "integrity": "sha1-y8NcYu7uc/Gat7EKgBURQBr8D5A="
        },
        "node-sass": {
            "version": "4.5.3",
            "resolved": "https://registry.npmjs.org/node-sass/-/node-sass-4.5.3.tgz",
            "integrity": "sha1-0JydEXlkEjnRuX/8YjH9zsU+FWg=",
            "dev": true
        },
        "path": {
            "version": "0.12.7",
            "resolved": "https://registry.npmjs.org/path/-/path-0.12.7.tgz",
            "integrity": "sha1-1NwqUGxM4hl+tIHr/NWzbAFAsQ8=",
            "dev": true
        },
        "rechoir": {
            "version": "0.6.2",
            "resolved": "https://registry.npmjs.org/rechoir/-/rechoir-0.6.2.tgz",
            "integrity": "sha1-hSBLVNuoLVdC4oyWdW70OvUOM4Q="
        },
        "sass-loader": {
            "version": "6.0.6",
            "resolved": "https://registry.npmjs.org/sass-loader/-/sass-loader-6.0.6.tgz",
            "integrity": "sha1-6dXmwfFV+qMqSybXqbcQfCJeQPk=",
            "dev": true,
            "dependencies": {
                "pify": {
                    "version": "https://registry.npmjs.org/pify/-/pify-3.0.0.tgz",
                    "integrity": "sha1-5aSs0sEB/fPZpNB/DbxNtJ3SgXY="
                }
            }
        },
        "shelljs": {
            "version": "0.8.5",
            "resolved": "https://registry.npmjs.org/shelljs/-/shelljs-0.8.5.tgz",
            "integrity": "sha512-TiwcRcrkhHvbrZbnRcFYMLl30Dfov3HKqzp5tO5b4pt6G/SezKcYhmDg15zXVBswHmctSAQKznqNW2LO5tTDow==",
            "requires": {
                "glob": "^7.0.0",
                "interpret": "^1.0.0",
                "rechoir": "^0.6.2"
            }
        },
        "style-loader": {
            "version": "0.13.2",
            "resolved": "https://registry.npmjs.org/style-loader/-/style-loader-0.13.2.tgz",
            "integrity": "sha1-dFMzhM9pjHEEx5URULSXF63C87s=",
            "dev": true
        },
        "svg-url-loader": {
            "version": "2.1.1",
            "resolved": "https://registry.npmjs.org/svg-url-loader/-/svg-url-loader-2.1.1.tgz",
            "integrity": "sha1-Ebpm9N0I1QjCbYVhkjt6siRUafA=",
            "dev": true,
            "dependencies": {
                "file-loader": {
                    "version": "https://registry.npmjs.org/file-loader/-/file-loader-0.11.2.tgz",
                    "integrity": "sha1-T/HfKK84cZpgmAk7iMgscdF5SjQ="
                }
            }
        },
        "uglify-js": {
            "version": "git+https://github.com/mishoo/UglifyJS2.git#278577f3cb75e72320564805ee91be63e5f9c806",
            "from": "git+https://github.com/mishoo/UglifyJS2.git#278577f3cb75e72320564805ee91be63e5f9c806",
            "dev": true,
            "dependencies": {
                "camelcase": {
                    "version": "1.2.1",
                    "resolved": "https://registry.npmjs.org/camelcase/-/camelcase-1.2.1.tgz",
                    "integrity": "sha1-m7UwTS4LVmmLLHWLCKPqqdqlijk="
                },
                "cliui": {
                    "version": "2.1.0",
                    "resolved": "https://registry.npmjs.org/cliui/-/cliui-2.1.0.tgz",
                    "integrity": "sha1-S0dXYP+AJkx2LDoXGQMukcf+oNE="
                },
                "yargs": {
                    "version": "3.10.0",
                    "resolved": "https://registry.npmjs.org/yargs/-/yargs-3.10.0.tgz",
                    "integrity": "sha1-9+572FfdfB0tOMDnTvvWgdFDH9E="
                }
            }
        },
        "uglifyjs-webpack-plugin": {
            "version": "0.4.6",
            "resolved": "https://registry.npmjs.org/uglifyjs-webpack-plugin/-/uglifyjs-webpack-plugin-0.4.6.tgz",
            "integrity": "sha1-uVH0q7a9YX5m9j64kUmOORdj4wk=",
            "dev": true,
            "dependencies": {
                "camelcase": {
                    "version": "1.2.1",
                    "resolved": "https://registry.npmjs.org/camelcase/-/camelcase-1.2.1.tgz",
                    "integrity": "sha1-m7UwTS4LVmmLLHWLCKPqqdqlijk="
                },
                "cliui": {
                    "version": "2.1.0",
                    "resolved": "https://registry.npmjs.org/cliui/-/cliui-2.1.0.tgz",
                    "integrity": "sha1-S0dXYP+AJkx2LDoXGQMukcf+oNE="
                },
                "uglify-js": {
                    "version": "2.8.29",
                    "resolved": "https://registry.npmjs.org/uglify-js/-/uglify-js-2.8.29.tgz",
                    "integrity": "sha1-KcVzMUgFe7Th913zW3qcty5qWd0="
                },
                "yargs": {
                    "version": "3.10.0",
                    "resolved": "https://registry.npmjs.org/yargs/-/yargs-3.10.0.tgz",
                    "integrity": "sha1-9+572FfdfB0tOMDnTvvWgdFDH9E="
                }
            }
        },
        "url-loader": {
            "version": "0.5.9",
            "resolved": "https://registry.npmjs.org/url-loader/-/url-loader-0.5.9.tgz",
            "integrity": "sha1-zI/qgse5Bud3cBklCGnlaemVwpU=",
            "dev": true
        },
        "vue": {
            "version": "2.3.4",
            "resolved": "https://registry.npmjs.org/vue/-/vue-2.3.4.tgz",
            "integrity": "sha1-XsO4ehkdqAkLvvVrfPq9QVgDgXE="
        },
        "vue-hot-reload-api": {
            "version": "2.1.0",
            "resolved": "https://registry.npmjs.org/vue-hot-reload-api/-/vue-hot-reload-api-2.1.0.tgz",
            "integrity": "sha1-nKWKbg35B4VUzhcIaItleHVNht4=",
            "dev": true
        },
        "vue-html-loader": {
            "version": "1.2.4",
            "resolved": "https://registry.npmjs.org/vue-html-loader/-/vue-html-loader-1.2.4.tgz",
            "integrity": "sha1-VM5Im+BgZckdwqEXMSLz4ATgolM=",
            "dev": true,
            "dependencies": {
                "async": {
                    "version": "https://registry.npmjs.org/async/-/async-0.2.10.tgz",
                    "integrity": "sha1-trvgsGdLnXGXCMo43owjfLUmw9E="
                },
                "camelcase": {
                    "version": "https://registry.npmjs.org/camelcase/-/camelcase-1.2.1.tgz",
                    "integrity": "sha1-m7UwTS4LVmmLLHWLCKPqqdqlijk="
                },
                "clean-css": {
                    "version": "https://registry.npmjs.org/clean-css/-/clean-css-3.4.27.tgz",
                    "integrity": "sha1-re91sxwWD/pdcvTeZ5ZuJmDBolU=",
                    "dependencies": {
                        "commander": {
                            "version": "https://registry.npmjs.org/commander/-/commander-2.8.1.tgz",
                            "integrity": "sha1-Br42f+v9oMMwqh4qBy09yXYkJdQ="
                        }
                    }
                },
                "cliui": {
                    "version": "https://registry.npmjs.org/cliui/-/cliui-2.1.0.tgz",
                    "integrity": "sha1-S0dXYP+AJkx2LDoXGQMukcf+oNE="
                },
                "html-minifier": {
                    "version": "https://registry.npmjs.org/html-minifier/-/html-minifier-2.1.7.tgz",
                    "integrity": "sha1-kFHW/LvPIU7TB+GtdPQyu5rWVcw="
                },
                "source-map": {
                    "version": "https://registry.npmjs.org/source-map/-/source-map-0.4.4.tgz",
                    "integrity": "sha1-66T12pwNyZneaAMti092FzZSA2s="
                },
                "uglify-js": {
                    "version": "https://registry.npmjs.org/uglify-js/-/uglify-js-2.6.4.tgz",
                    "integrity": "sha1-ZeovswWck5RpLxX+2HwrNsFrmt8=",
                    "dependencies": {
                        "source-map": {
                            "version": "https://registry.npmjs.org/source-map/-/source-map-0.5.6.tgz",
                            "integrity": "sha1-dc449SvwczxafwwRjYEzSiu19BI="
                        }
                    }
                },
                "yargs": {
                    "version": "https://registry.npmjs.org/yargs/-/yargs-3.10.0.tgz",
                    "integrity": "sha1-9+572FfdfB0tOMDnTvvWgdFDH9E="
                }
            }
        },
        "vue-loader": {
            "version": "11.3.4",
            "resolved": "https://registry.npmjs.org/vue-loader/-/vue-loader-11.3.4.tgz",
            "integrity": "sha1-ZeEKRM4JLZBuFLvHKYHeyZ6wkNI=",
            "dev": true,
            "dependencies": {
                "vue-style-loader": {
                    "version": "2.0.5",
                    "resolved": "https://registry.npmjs.org/vue-style-loader/-/vue-style-loader-2.0.5.tgz",
                    "integrity": "sha1-8O+smS/r4/EuST4zTtsTzSNaPSI="
                }
            }
        },
        "vue-style-loader": {
            "version": "3.0.1",
            "resolved": "https://registry.npmjs.org/vue-style-loader/-/vue-style-loader-3.0.1.tgz",
            "integrity": "sha1-yLY5uy8kuvnXgnTcF+TyZMHe2gg=",
            "dev": true
        },
        "vue-template-compiler": {
            "version": "2.3.4",
            "resolved": "https://registry.npmjs.org/vue-template-compiler/-/vue-template-compiler-2.3.4.tgz",
            "integrity": "sha1-WoisLF5NXWIY5qqA5+Ih+35niUw=",
            "dev": true
        },
        "webpack": {
            "version": "3.0.0",
            "resolved": "https://registry.npmjs.org/webpack/-/webpack-3.0.0.tgz",
            "integrity": "sha1-7pvOvyEkf3FTy0EBaMq0XjpZ1Nc=",
            "dependencies": {
                "camelcase": {
                    "version": "1.2.1",
                    "resolved": "https://registry.npmjs.org/camelcase/-/camelcase-1.2.1.tgz",
                    "integrity": "sha1-m7UwTS4LVmmLLHWLCKPqqdqlijk="
                },
                "cliui": {
                    "version": "2.1.0",
                    "resolved": "https://registry.npmjs.org/cliui/-/cliui-2.1.0.tgz",
                    "integrity": "sha1-S0dXYP+AJkx2LDoXGQMukcf+oNE="
                },
                "supports-color": {
                    "version": "3.2.3",
                    "resolved": "https://registry.npmjs.org/supports-color/-/supports-color-3.2.3.tgz",
                    "integrity": "sha1-ZawFBLOVQXHYpklGsq48u4pfVPY="
                },
                "uglify-js": {
                    "version": "2.8.29",
                    "resolved": "https://registry.npmjs.org/uglify-js/-/uglify-js-2.8.29.tgz",
                    "integrity": "sha1-KcVzMUgFe7Th913zW3qcty5qWd0=",
                    "dependencies": {
                        "yargs": {
                            "version": "3.10.0",
                            "resolved": "https://registry.npmjs.org/yargs/-/yargs-3.10.0.tgz",
                            "integrity": "sha1-9+572FfdfB0tOMDnTvvWgdFDH9E="
                        }
                    }
                },
                "uglifyjs-webpack-plugin": {
                    "version": "0.4.6",
                    "resolved": "https://registry.npmjs.org/uglifyjs-webpack-plugin/-/uglifyjs-webpack-plugin-0.4.6.tgz",
                    "integrity": "sha1-uVH0q7a9YX5m9j64kUmOORdj4wk="
                },
                "yargs": {
                    "version": "6.6.0",
                    "resolved": "https://registry.npmjs.org/yargs/-/yargs-6.6.0.tgz",
                    "integrity": "sha1-eC7CHvQDNF+DCoCMo9UTr1YGUgg=",
                    "dependencies": {
                        "camelcase": {
                            "version": "3.0.0",
                            "resolved": "https://registry.npmjs.org/camelcase/-/camelcase-3.0.0.tgz",
                            "integrity": "sha1-MvxLn82vhF/N9+c7uXysImHwqwo="
                        },
                        "cliui": {
                            "version": "3.2.0",
                            "resolved": "https://registry.npmjs.org/cliui/-/cliui-3.2.0.tgz",
                            "integrity": "sha1-EgYBU3qRbSmUD5NNo7SNWFo5IT0="
                        }
                    }
                },
                "yargs-parser": {
                    "version": "4.2.1",
                    "resolved": "https://registry.npmjs.org/yargs-parser/-/yargs-parser-4.2.1.tgz",
                    "integrity": "sha1-KczqwNxPA8bIe0qfIX3RjJ90hxw=",
                    "dependencies": {
                        "camelcase": {
                            "version": "3.0.0",
                            "resolved": "https://registry.npmjs.org/camelcase/-/camelcase-3.0.0.tgz",
                            "integrity": "sha1-MvxLn82vhF/N9+c7uXysImHwqwo="
                        }
                    }
                }
            }
        },
        "webpack-dev-server": {
            "version": "2.5.0",
            "resolved": "https://registry.npmjs.org/webpack-dev-server/-/webpack-dev-server-2.5.0.tgz",
            "integrity": "sha1-TTanKLA7iyr6SO0wJCiEfOooQK0=",
            "dev": true,
            "dependencies": {
                "camelcase": {
                    "version": "https://registry.npmjs.org/camelcase/-/camelcase-3.0.0.tgz",
                    "integrity": "sha1-MvxLn82vhF/N9+c7uXysImHwqwo="
                },
                "supports-color": {
                    "version": "https://registry.npmjs.org/supports-color/-/supports-color-3.2.3.tgz",
                    "integrity": "sha1-ZawFBLOVQXHYpklGsq48u4pfVPY="
                },
                "yargs": {
                    "version": "https://registry.npmjs.org/yargs/-/yargs-6.6.0.tgz",
                    "integrity": "sha1-eC7CHvQDNF+DCoCMo9UTr1YGUgg="
                },
                "yargs-parser": {
                    "version": "https://registry.npmjs.org/yargs-parser/-/yargs-parser-4.2.1.tgz",
                    "integrity": "sha1-KczqwNxPA8bIe0qfIX3RjJ90hxw="
                }
            }
        }
    }
}
